{
    "name": "example-client",
    "version": "1.0.0",
    "lockfileVersion": 3,
    "requires": true,
    "packages": {
        "": {
            "name": "example-client",
            "version": "1.0.0",
            "license": "ISC",
            "dependencies": {
                "@wait-human/client": "^0.0.4"
            },
            "devDependencies": {
                "typescript": "^5.9.3"
            }
        },
        "node_modules/@wait-human/client": {
            "version": "0.0.4",
            "resolved": "https://registry.npmjs.org/@wait-human/client/-/client-0.0.4.tgz",
            "integrity": "sha512-U0yFd34akaEMxI5kEZ0ivMLwXEmQnNqoJa5a09mH6Q8PQ4+kMOpsjf3EjZmZ6iPjSTP4ciy16KCCCAg1//0Pgw==",
            "license": "ISC",
            "dependencies": {
                "openapi-fetch": "^0.15.0",
                "zod": "^4.3.4"
            }
        },
        "node_modules/openapi-fetch": {
            "version": "0.15.0",
            "resolved": "https://registry.npmjs.org/openapi-fetch/-/openapi-fetch-0.15.0.tgz",
            "integrity": "sha512-OjQUdi61WO4HYhr9+byCPMj0+bgste/LtSBEcV6FzDdONTs7x0fWn8/ndoYwzqCsKWIxEZwo4FN/TG1c1rI8IQ==",
            "license": "MIT",
            "dependencies": {
                "openapi-typescript-helpers": "^0.0.15"
            }
        },
        "node_modules/openapi-typescript-helpers": {
            "version": "0.0.15",
            "resolved": "https://registry.npmjs.org/openapi-typescript-helpers/-/openapi-typescript-helpers-0.0.15.tgz",
            "integrity": "sha512-opyTPaunsklCBpTK8JGef6mfPhLSnyy5a0IN9vKtx3+4aExf+KxEqYwIy3hqkedXIB97u357uLMJsOnm3GVjsw==",
            "license": "MIT"
        },
        "node_modules/typescript": {
            "version": "5.9.3",
            "resolved": "https://registry.npmjs.org/typescript/-/typescript-5.9.3.tgz",
            "integrity": "sha512-jl1vZzPDinLr9eUt3J/t7V6FgNEw9QjvBPdysz9KfQDD41fQrC2Y4vKQdiaUpFT4bXlb1RHhLpp8wtm6M5TgSw==",
            "dev": true,
            "license": "Apache-2.0",
            "bin": {
                "tsc": "bin/tsc",
                "tsserver": "bin/tsserver"
            },
            "engines": {
                "node": ">=14.17"
            }
        },
        "node_modules/zod": {
            "version": "4.3.5",
            "resolved": "https://registry.npmjs.org/zod/-/zod-4.3.5.tgz",
            "integrity": "sha512-k7Nwx6vuWx1IJ9Bjuf4Zt1PEllcwe7cls3VNzm4CQ1/hgtFUK2bRNG3rvnpPUhFjmqJKAKtjV576KnUkHocg/g==",
            "license": "MIT",
            "funding": {
                "url": "https://github.com/sponsors/colinhacks"
            }
        }
    }
}
